
Microsoft Visual Studio Solution File, Format Version 12.00
# Visual Studio 15
VisualStudioVersion = 15.0.28010.2041
MinimumVisualStudioVersion = 10.0.40219.1
Project("{9A19103F-16F7-4668-BE54-9A1E7A4F7556}") = "Budgetting", "Budgetting\Budgetting.csproj", "{EA896BA7-EDCA-4BCF-8B90-4BF3BD5E5F8F}"
EndProject
Project("{FAE04EC0-301F-11D3-BF4B-00C04F79EFBC}") = "Budgetting.Tests", "Budgetting.Tests\Budgetting.Tests.csproj", "{C72479FA-E179-4AB6-BA61-9FB5A5D44E24}"
EndProject
Global
	GlobalSection(SolutionConfigurationPlatforms) = preSolution
		Debug|Any CPU = Debug|Any CPU
		Release|Any CPU = Release|Any CPU
	EndGlobalSection
	GlobalSection(ProjectConfigurationPlatforms) = postSolution
		{EA896BA7-EDCA-4BCF-8B90-4BF3BD5E5F8F}.Debug|Any CPU.ActiveCfg = Debug|Any CPU
		{EA896BA7-EDCA-4BCF-8B90-4BF3BD5E5F8F}.Debug|Any CPU.Build.0 = Debug|Any CPU
		{EA896BA7-EDCA-4BCF-8B90-4BF3BD5E5F8F}.Release|Any CPU.ActiveCfg = Release|Any CPU
		{EA896BA7-EDCA-4BCF-8B90-4BF3BD5E5F8F}.Release|Any CPU.Build.0 = Release|Any CPU
		{C72479FA-E179-4AB6-BA61-9FB5A5D44E24}.Debug|Any CPU.ActiveCfg = Debug|Any CPU
		{C72479FA-E179-4AB6-BA61-9FB5A5D44E24}.Debug|Any CPU.Build.0 = Debug|Any CPU
		{C72479FA-E179-4AB6-BA61-9FB5A5D44E24}.Release|Any CPU.ActiveCfg = Release|Any CPU
		{C72479FA-E179-4AB6-BA61-9FB5A5D44E24}.Release|Any CPU.Build.0 = Release|Any CPU
	EndGlobalSection
	GlobalSection(SolutionProperties) = preSolution
		HideSolutionNode = FALSE
	EndGlobalSection
	GlobalSection(ExtensibilityGlobals) = postSolution
		SolutionGuid = {ECA10208-D6B3-4229-8903-165EAC58C43B}
	EndGlobalSection
EndGlobal
